// !$*UTF8*$!
{
	archiveVersion = 1;
	classes = {
	};
	objectVersion = 46;
	objects = {

/* Begin PBXBuildFile section */
		714E7585A761D8D4A3AB1816 /* Pods.framework in Frameworks */ = {isa = PBXBuildFile; fileRef = BFF0181FD8C984550BCBCC69 /* Pods.framework */; };
		E542DE2C1CC8192900872CBD /* SHImagePicker.swift in Sources */ = {isa = PBXBuildFile; fileRef = E542DE2B1CC8192900872CBD /* SHImagePicker.swift */; };
		E5A06A021CC5709100F8B7F6 /* AppDelegate.swift in Sources */ = {isa = PBXBuildFile; fileRef = E5A06A011CC5709100F8B7F6 /* AppDelegate.swift */; };
		E5A06A071CC5709100F8B7F6 /* Main.storyboard in Resources */ = {isa = PBXBuildFile; fileRef = E5A06A051CC5709100F8B7F6 /* Main.storyboard */; };
		E5A06A091CC5709100F8B7F6 /* Assets.xcassets in Resources */ = {isa = PBXBuildFile; fileRef = E5A06A081CC5709100F8B7F6 /* Assets.xcassets */; };
		E5A06A0C1CC5709100F8B7F6 /* LaunchScreen.storyboard in Resources */ = {isa = PBXBuildFile; fileRef = E5A06A0A1CC5709100F8B7F6 /* LaunchScreen.storyboard */; };
		E5A06A181CC5729600F8B7F6 /* HomeViewController.swift in Sources */ = {isa = PBXBuildFile; fileRef = E5A06A171CC5729600F8B7F6 /* HomeViewController.swift */; };
		E5A06A1A1CC572AF00F8B7F6 /* SignUpViewController.swift in Sources */ = {isa = PBXBuildFile; fileRef = E5A06A191CC572AF00F8B7F6 /* SignUpViewController.swift */; };
		E5A06A1C1CC572DF00F8B7F6 /* SelectionViewController.swift in Sources */ = {isa = PBXBuildFile; fileRef = E5A06A1B1CC572DF00F8B7F6 /* SelectionViewController.swift */; };
		E5A06A1E1CC5732C00F8B7F6 /* CreateHuntViewController.swift in Sources */ = {isa = PBXBuildFile; fileRef = E5A06A1D1CC5732C00F8B7F6 /* CreateHuntViewController.swift */; };
		E5A06A201CC5734900F8B7F6 /* AddCluesViewController.swift in Sources */ = {isa = PBXBuildFile; fileRef = E5A06A1F1CC5734900F8B7F6 /* AddCluesViewController.swift */; };
		E5A06A221CC5739700F8B7F6 /* HuntSearchViewController.swift in Sources */ = {isa = PBXBuildFile; fileRef = E5A06A211CC5739700F8B7F6 /* HuntSearchViewController.swift */; };
		E5A06A251CC573CD00F8B7F6 /* HuntDetailViewController.swift in Sources */ = {isa = PBXBuildFile; fileRef = E5A06A241CC573CD00F8B7F6 /* HuntDetailViewController.swift */; };
		E5A06A271CC573E700F8B7F6 /* HuntViewController.swift in Sources */ = {isa = PBXBuildFile; fileRef = E5A06A261CC573E700F8B7F6 /* HuntViewController.swift */; };
		E5A06A2B1CC575A000F8B7F6 /* Hunt.swift in Sources */ = {isa = PBXBuildFile; fileRef = E5A06A2A1CC575A000F8B7F6 /* Hunt.swift */; };
		E5A06A2D1CC575B300F8B7F6 /* Clue.swift in Sources */ = {isa = PBXBuildFile; fileRef = E5A06A2C1CC575B300F8B7F6 /* Clue.swift */; };
		E5A06A2F1CC594E600F8B7F6 /* CreateClueTableViewCell.swift in Sources */ = {isa = PBXBuildFile; fileRef = E5A06A2E1CC594E600F8B7F6 /* CreateClueTableViewCell.swift */; };
		E5A06A311CC5955C00F8B7F6 /* HuntSearchTableViewCell.swift in Sources */ = {isa = PBXBuildFile; fileRef = E5A06A301CC5955C00F8B7F6 /* HuntSearchTableViewCell.swift */; };
		E5A06A331CC6B44A00F8B7F6 /* SHButton.swift in Sources */ = {isa = PBXBuildFile; fileRef = E5A06A321CC6B44A00F8B7F6 /* SHButton.swift */; };
		E5A06A361CC6CAA100F8B7F6 /* SHLogo.swift in Sources */ = {isa = PBXBuildFile; fileRef = E5A06A351CC6CAA100F8B7F6 /* SHLogo.swift */; };
		E5A06A381CC6CADD00F8B7F6 /* SHImage.swift in Sources */ = {isa = PBXBuildFile; fileRef = E5A06A371CC6CADD00F8B7F6 /* SHImage.swift */; };
		E5A06A3A1CC6CB6C00F8B7F6 /* SHImageButton.swift in Sources */ = {isa = PBXBuildFile; fileRef = E5A06A391CC6CB6C00F8B7F6 /* SHImageButton.swift */; };
		E5A06A3D1CC6E67B00F8B7F6 /* SHLocation.swift in Sources */ = {isa = PBXBuildFile; fileRef = E5A06A3C1CC6E67B00F8B7F6 /* SHLocation.swift */; };
		E5E289CA1CC96B5500EFC52C /* ClueCreatorViewController.swift in Sources */ = {isa = PBXBuildFile; fileRef = E5E289C91CC96B5500EFC52C /* ClueCreatorViewController.swift */; };
		E5E6B8BA1CCB562000F1B8D9 /* SHNavigationItem.swift in Sources */ = {isa = PBXBuildFile; fileRef = E5E6B8B91CCB562000F1B8D9 /* SHNavigationItem.swift */; };
		E5E6B8BC1CCBD83B00F1B8D9 /* SHHotColdLabel.swift in Sources */ = {isa = PBXBuildFile; fileRef = E5E6B8BB1CCBD83B00F1B8D9 /* SHHotColdLabel.swift */; };
		E5E6B8BE1CCBD8D800F1B8D9 /* SHSmallLabel.swift in Sources */ = {isa = PBXBuildFile; fileRef = E5E6B8BD1CCBD8D800F1B8D9 /* SHSmallLabel.swift */; };
		E5E6B8C01CCBD96700F1B8D9 /* SHTextField.swift in Sources */ = {isa = PBXBuildFile; fileRef = E5E6B8BF1CCBD96700F1B8D9 /* SHTextField.swift */; };
		E5E6B8C21CCBDAA500F1B8D9 /* SHPicture.swift in Sources */ = {isa = PBXBuildFile; fileRef = E5E6B8C11CCBDAA500F1B8D9 /* SHPicture.swift */; };
		E5F1D8D81CCAE9C200886715 /* SHLabel.swift in Sources */ = {isa = PBXBuildFile; fileRef = E5F1D8D71CCAE9C200886715 /* SHLabel.swift */; };
		E5F1D8DA1CCAEBDE00886715 /* Colours.swift in Sources */ = {isa = PBXBuildFile; fileRef = E5F1D8D91CCAEBDE00886715 /* Colours.swift */; };
/* End PBXBuildFile section */

/* Begin PBXFileReference section */
		6B060A3FC79939B1D9619EF7 /* Pods.debug.xcconfig */ = {isa = PBXFileReference; includeInIndex = 1; lastKnownFileType = text.xcconfig; name = Pods.debug.xcconfig; path = "Pods/Target Support Files/Pods/Pods.debug.xcconfig"; sourceTree = "<group>"; };
		BFF0181FD8C984550BCBCC69 /* Pods.framework */ = {isa = PBXFileReference; explicitFileType = wrapper.framework; includeInIndex = 0; path = Pods.framework; sourceTree = BUILT_PRODUCTS_DIR; };
		C21E21B2FFA4BFB9B6E2D21B /* Pods.release.xcconfig */ = {isa = PBXFileReference; includeInIndex = 1; lastKnownFileType = text.xcconfig; name = Pods.release.xcconfig; path = "Pods/Target Support Files/Pods/Pods.release.xcconfig"; sourceTree = "<group>"; };
		E542DE2B1CC8192900872CBD /* SHImagePicker.swift */ = {isa = PBXFileReference; fileEncoding = 4; lastKnownFileType = sourcecode.swift; path = SHImagePicker.swift; sourceTree = "<group>"; };
		E5A069FE1CC5709100F8B7F6 /* ScavengerHunter.app */ = {isa = PBXFileReference; explicitFileType = wrapper.application; includeInIndex = 0; path = ScavengerHunter.app; sourceTree = BUILT_PRODUCTS_DIR; };
		E5A06A011CC5709100F8B7F6 /* AppDelegate.swift */ = {isa = PBXFileReference; lastKnownFileType = sourcecode.swift; path = AppDelegate.swift; sourceTree = "<group>"; };
		E5A06A061CC5709100F8B7F6 /* Base */ = {isa = PBXFileReference; lastKnownFileType = file.storyboard; name = Base; path = Base.lproj/Main.storyboard; sourceTree = "<group>"; };
		E5A06A081CC5709100F8B7F6 /* Assets.xcassets */ = {isa = PBXFileReference; lastKnownFileType = folder.assetcatalog; path = Assets.xcassets; sourceTree = "<group>"; };
		E5A06A0B1CC5709100F8B7F6 /* Base */ = {isa = PBXFileReference; lastKnownFileType = file.storyboard; name = Base; path = Base.lproj/LaunchScreen.storyboard; sourceTree = "<group>"; };
		E5A06A0D1CC5709100F8B7F6 /* Info.plist */ = {isa = PBXFileReference; lastKnownFileType = text.plist.xml; path = Info.plist; sourceTree = "<group>"; };
		E5A06A171CC5729600F8B7F6 /* HomeViewController.swift */ = {isa = PBXFileReference; fileEncoding = 4; lastKnownFileType = sourcecode.swift; path = HomeViewController.swift; sourceTree = "<group>"; };
		E5A06A191CC572AF00F8B7F6 /* SignUpViewController.swift */ = {isa = PBXFileReference; fileEncoding = 4; lastKnownFileType = sourcecode.swift; path = SignUpViewController.swift; sourceTree = "<group>"; };
		E5A06A1B1CC572DF00F8B7F6 /* SelectionViewController.swift */ = {isa = PBXFileReference; fileEncoding = 4; lastKnownFileType = sourcecode.swift; path = SelectionViewController.swift; sourceTree = "<group>"; };
		E5A06A1D1CC5732C00F8B7F6 /* CreateHuntViewController.swift */ = {isa = PBXFileReference; fileEncoding = 4; lastKnownFileType = sourcecode.swift; path = CreateHuntViewController.swift; sourceTree = "<group>"; };
		E5A06A1F1CC5734900F8B7F6 /* AddCluesViewController.swift */ = {isa = PBXFileReference; fileEncoding = 4; lastKnownFileType = sourcecode.swift; path = AddCluesViewController.swift; sourceTree = "<group>"; };
		E5A06A211CC5739700F8B7F6 /* HuntSearchViewController.swift */ = {isa = PBXFileReference; fileEncoding = 4; lastKnownFileType = sourcecode.swift; path = HuntSearchViewController.swift; sourceTree = "<group>"; };
		E5A06A241CC573CD00F8B7F6 /* HuntDetailViewController.swift */ = {isa = PBXFileReference; fileEncoding = 4; lastKnownFileType = sourcecode.swift; path = HuntDetailViewController.swift; sourceTree = "<group>"; };
		E5A06A261CC573E700F8B7F6 /* HuntViewController.swift */ = {isa = PBXFileReference; fileEncoding = 4; lastKnownFileType = sourcecode.swift; path = HuntViewController.swift; sourceTree = "<group>"; };
		E5A06A2A1CC575A000F8B7F6 /* Hunt.swift */ = {isa = PBXFileReference; fileEncoding = 4; lastKnownFileType = sourcecode.swift; path = Hunt.swift; sourceTree = "<group>"; };
		E5A06A2C1CC575B300F8B7F6 /* Clue.swift */ = {isa = PBXFileReference; fileEncoding = 4; lastKnownFileType = sourcecode.swift; path = Clue.swift; sourceTree = "<group>"; };
		E5A06A2E1CC594E600F8B7F6 /* CreateClueTableViewCell.swift */ = {isa = PBXFileReference; fileEncoding = 4; lastKnownFileType = sourcecode.swift; path = CreateClueTableViewCell.swift; sourceTree = "<group>"; };
		E5A06A301CC5955C00F8B7F6 /* HuntSearchTableViewCell.swift */ = {isa = PBXFileReference; fileEncoding = 4; lastKnownFileType = sourcecode.swift; path = HuntSearchTableViewCell.swift; sourceTree = "<group>"; };
		E5A06A321CC6B44A00F8B7F6 /* SHButton.swift */ = {isa = PBXFileReference; fileEncoding = 4; lastKnownFileType = sourcecode.swift; path = SHButton.swift; sourceTree = "<group>"; };
		E5A06A351CC6CAA100F8B7F6 /* SHLogo.swift */ = {isa = PBXFileReference; fileEncoding = 4; lastKnownFileType = sourcecode.swift; path = SHLogo.swift; sourceTree = "<group>"; };
		E5A06A371CC6CADD00F8B7F6 /* SHImage.swift */ = {isa = PBXFileReference; fileEncoding = 4; lastKnownFileType = sourcecode.swift; path = SHImage.swift; sourceTree = "<group>"; };
		E5A06A391CC6CB6C00F8B7F6 /* SHImageButton.swift */ = {isa = PBXFileReference; fileEncoding = 4; lastKnownFileType = sourcecode.swift; path = SHImageButton.swift; sourceTree = "<group>"; };
		E5A06A3C1CC6E67B00F8B7F6 /* SHLocation.swift */ = {isa = PBXFileReference; fileEncoding = 4; lastKnownFileType = sourcecode.swift; path = SHLocation.swift; sourceTree = "<group>"; };
		E5E289C91CC96B5500EFC52C /* ClueCreatorViewController.swift */ = {isa = PBXFileReference; fileEncoding = 4; lastKnownFileType = sourcecode.swift; path = ClueCreatorViewController.swift; sourceTree = "<group>"; };
		E5E6B8B91CCB562000F1B8D9 /* SHNavigationItem.swift */ = {isa = PBXFileReference; fileEncoding = 4; lastKnownFileType = sourcecode.swift; path = SHNavigationItem.swift; sourceTree = "<group>"; };
		E5E6B8BB1CCBD83B00F1B8D9 /* SHHotColdLabel.swift */ = {isa = PBXFileReference; fileEncoding = 4; lastKnownFileType = sourcecode.swift; path = SHHotColdLabel.swift; sourceTree = "<group>"; };
		E5E6B8BD1CCBD8D800F1B8D9 /* SHSmallLabel.swift */ = {isa = PBXFileReference; fileEncoding = 4; lastKnownFileType = sourcecode.swift; path = SHSmallLabel.swift; sourceTree = "<group>"; };
		E5E6B8BF1CCBD96700F1B8D9 /* SHTextField.swift */ = {isa = PBXFileReference; fileEncoding = 4; lastKnownFileType = sourcecode.swift; path = SHTextField.swift; sourceTree = "<group>"; };
		E5E6B8C11CCBDAA500F1B8D9 /* SHPicture.swift */ = {isa = PBXFileReference; fileEncoding = 4; lastKnownFileType = sourcecode.swift; path = SHPicture.swift; sourceTree = "<group>"; };
		E5F1D8D71CCAE9C200886715 /* SHLabel.swift */ = {isa = PBXFileReference; fileEncoding = 4; lastKnownFileType = sourcecode.swift; path = SHLabel.swift; sourceTree = "<group>"; };
		E5F1D8D91CCAEBDE00886715 /* Colours.swift */ = {isa = PBXFileReference; fileEncoding = 4; lastKnownFileType = sourcecode.swift; path = Colours.swift; sourceTree = "<group>"; };
/* End PBXFileReference section */

/* Begin PBXFrameworksBuildPhase section */
		E5A069FB1CC5709100F8B7F6 /* Frameworks */ = {
			isa = PBXFrameworksBuildPhase;
			buildActionMask = 2147483647;
			files = (
				714E7585A761D8D4A3AB1816 /* Pods.framework in Frameworks */,
			);
			runOnlyForDeploymentPostprocessing = 0;
		};
/* End PBXFrameworksBuildPhase section */

/* Begin PBXGroup section */
		3C5134CDC1FD1CDE5465643F /* Frameworks */ = {
			isa = PBXGroup;
			children = (
				BFF0181FD8C984550BCBCC69 /* Pods.framework */,
			);
			name = Frameworks;
			sourceTree = "<group>";
		};
		C8E450954511FDC62C7AE16C /* Pods */ = {
			isa = PBXGroup;
			children = (
				6B060A3FC79939B1D9619EF7 /* Pods.debug.xcconfig */,
				C21E21B2FFA4BFB9B6E2D21B /* Pods.release.xcconfig */,
			);
			name = Pods;
			sourceTree = "<group>";
		};
		E5A069F51CC5709100F8B7F6 = {
			isa = PBXGroup;
			children = (
				E5A06A001CC5709100F8B7F6 /* ScavengerHunter */,
				E5A069FF1CC5709100F8B7F6 /* Products */,
				C8E450954511FDC62C7AE16C /* Pods */,
				3C5134CDC1FD1CDE5465643F /* Frameworks */,
			);
			sourceTree = "<group>";
		};
		E5A069FF1CC5709100F8B7F6 /* Products */ = {
			isa = PBXGroup;
			children = (
				E5A069FE1CC5709100F8B7F6 /* ScavengerHunter.app */,
			);
			name = Products;
			sourceTree = "<group>";
		};
		E5A06A001CC5709100F8B7F6 /* ScavengerHunter */ = {
			isa = PBXGroup;
			children = (
				E5A06A3B1CC6CCB800F8B7F6 /* UI */,
				E5A06A161CC571C000F8B7F6 /* Controller */,
				E5A06A151CC571BC00F8B7F6 /* View */,
				E5A06A141CC571B700F8B7F6 /* Model */,
				E5A06A131CC571B100F8B7F6 /* Support Files */,
			);
			path = ScavengerHunter;
			sourceTree = "<group>";
		};
		E5A06A131CC571B100F8B7F6 /* Support Files */ = {
			isa = PBXGroup;
			children = (
				E5A06A011CC5709100F8B7F6 /* AppDelegate.swift */,
				E5A06A081CC5709100F8B7F6 /* Assets.xcassets */,
				E5A06A0D1CC5709100F8B7F6 /* Info.plist */,
			);
			name = "Support Files";
			sourceTree = "<group>";
		};
		E5A06A141CC571B700F8B7F6 /* Model */ = {
			isa = PBXGroup;
			children = (
				E5A06A2A1CC575A000F8B7F6 /* Hunt.swift */,
				E5A06A2C1CC575B300F8B7F6 /* Clue.swift */,
				E5A06A3C1CC6E67B00F8B7F6 /* SHLocation.swift */,
				E542DE2B1CC8192900872CBD /* SHImagePicker.swift */,
			);
			name = Model;
			sourceTree = "<group>";
		};
		E5A06A151CC571BC00F8B7F6 /* View */ = {
			isa = PBXGroup;
			children = (
				E5A06A341CC6B45100F8B7F6 /* Custom UI */,
				E5A06A2E1CC594E600F8B7F6 /* CreateClueTableViewCell.swift */,
				E5A06A301CC5955C00F8B7F6 /* HuntSearchTableViewCell.swift */,
			);
			name = View;
			sourceTree = "<group>";
		};
		E5A06A161CC571C000F8B7F6 /* Controller */ = {
			isa = PBXGroup;
			children = (
				E5A06A171CC5729600F8B7F6 /* HomeViewController.swift */,
				E5A06A191CC572AF00F8B7F6 /* SignUpViewController.swift */,
				E5A06A1B1CC572DF00F8B7F6 /* SelectionViewController.swift */,
				E5A06A1D1CC5732C00F8B7F6 /* CreateHuntViewController.swift */,
				E5A06A1F1CC5734900F8B7F6 /* AddCluesViewController.swift */,
				E5E289C91CC96B5500EFC52C /* ClueCreatorViewController.swift */,
				E5A06A211CC5739700F8B7F6 /* HuntSearchViewController.swift */,
				E5A06A241CC573CD00F8B7F6 /* HuntDetailViewController.swift */,
				E5A06A261CC573E700F8B7F6 /* HuntViewController.swift */,
			);
			name = Controller;
			sourceTree = "<group>";
		};
		E5A06A341CC6B45100F8B7F6 /* Custom UI */ = {
			isa = PBXGroup;
			children = (
				E5A06A351CC6CAA100F8B7F6 /* SHLogo.swift */,
				E5E6B8C11CCBDAA500F1B8D9 /* SHPicture.swift */,
				E5A06A321CC6B44A00F8B7F6 /* SHButton.swift */,
				E5A06A371CC6CADD00F8B7F6 /* SHImage.swift */,
				E5A06A391CC6CB6C00F8B7F6 /* SHImageButton.swift */,
				E5F1D8D71CCAE9C200886715 /* SHLabel.swift */,
				E5E6B8BD1CCBD8D800F1B8D9 /* SHSmallLabel.swift */,
				E5E6B8BF1CCBD96700F1B8D9 /* SHTextField.swift */,
				E5E6B8B91CCB562000F1B8D9 /* SHNavigationItem.swift */,
				E5E6B8BB1CCBD83B00F1B8D9 /* SHHotColdLabel.swift */,
				E5F1D8D91CCAEBDE00886715 /* Colours.swift */,
			);
			name = "Custom UI";
			sourceTree = "<group>";
		};
		E5A06A3B1CC6CCB800F8B7F6 /* UI */ = {
			isa = PBXGroup;
			children = (
				E5A06A0A1CC5709100F8B7F6 /* LaunchScreen.storyboard */,
				E5A06A051CC5709100F8B7F6 /* Main.storyboard */,
			);
			name = UI;
			sourceTree = "<group>";
		};
/* End PBXGroup section */

/* Begin PBXNativeTarget section */
		E5A069FD1CC5709100F8B7F6 /* ScavengerHunter */ = {
			isa = PBXNativeTarget;
			buildConfigurationList = E5A06A101CC5709100F8B7F6 /* Build configuration list for PBXNativeTarget "ScavengerHunter" */;
			buildPhases = (
				B4A10DE38E2C3B9B817E4F37 /* Check Pods Manifest.lock */,
				E5A069FA1CC5709100F8B7F6 /* Sources */,
				E5A069FB1CC5709100F8B7F6 /* Frameworks */,
				E5A069FC1CC5709100F8B7F6 /* Resources */,
				DF2CAB10F81FF2B120AA6311 /* Embed Pods Frameworks */,
				E63D79AE093375A930F731EB /* Copy Pods Resources */,
			);
			buildRules = (
			);
			dependencies = (
			);
			name = ScavengerHunter;
			productName = ScavengerHunter;
			productReference = E5A069FE1CC5709100F8B7F6 /* ScavengerHunter.app */;
			productType = "com.apple.product-type.application";
		};
/* End PBXNativeTarget section */

/* Begin PBXProject section */
		E5A069F61CC5709100F8B7F6 /* Project object */ = {
			isa = PBXProject;
			attributes = {
				LastSwiftUpdateCheck = 0730;
				LastUpgradeCheck = 0730;
				ORGANIZATIONNAME = "Sergio Mollica";
				TargetAttributes = {
					E5A069FD1CC5709100F8B7F6 = {
						CreatedOnToolsVersion = 7.3;
						DevelopmentTeam = KZR2N8785B;
					};
				};
			};
			buildConfigurationList = E5A069F91CC5709100F8B7F6 /* Build configuration list for PBXProject "ScavengerHunter" */;
			compatibilityVersion = "Xcode 3.2";
			developmentRegion = English;
			hasScannedForEncodings = 0;
			knownRegions = (
				en,
				Base,
			);
			mainGroup = E5A069F51CC5709100F8B7F6;
			productRefGroup = E5A069FF1CC5709100F8B7F6 /* Products */;
			projectDirPath = "";
			projectRoot = "";
			targets = (
				E5A069FD1CC5709100F8B7F6 /* ScavengerHunter */,
			);
		};
/* End PBXProject section */

/* Begin PBXResourcesBuildPhase section */
		E5A069FC1CC5709100F8B7F6 /* Resources */ = {
			isa = PBXResourcesBuildPhase;
			buildActionMask = 2147483647;
			files = (
				E5A06A0C1CC5709100F8B7F6 /* LaunchScreen.storyboard in Resources */,
				E5A06A091CC5709100F8B7F6 /* Assets.xcassets in Resources */,
				E5A06A071CC5709100F8B7F6 /* Main.storyboard in Resources */,
			);
			runOnlyForDeploymentPostprocessing = 0;
		};
/* End PBXResourcesBuildPhase section */

/* Begin PBXShellScriptBuildPhase section */
		B4A10DE38E2C3B9B817E4F37 /* Check Pods Manifest.lock */ = {
			isa = PBXShellScriptBuildPhase;
			buildActionMask = 2147483647;
			files = (
			);
			inputPaths = (
			);
			name = "Check Pods Manifest.lock";
			outputPaths = (
			);
			runOnlyForDeploymentPostprocessing = 0;
			shellPath = /bin/sh;
			shellScript = "diff \"${PODS_ROOT}/../Podfile.lock\" \"${PODS_ROOT}/Manifest.lock\" > /dev/null\nif [[ $? != 0 ]] ; then\n    cat << EOM\nerror: The sandbox is not in sync with the Podfile.lock. Run 'pod install' or update your CocoaPods installation.\nEOM\n    exit 1\nfi\n";
			showEnvVarsInLog = 0;
		};
		DF2CAB10F81FF2B120AA6311 /* Embed Pods Frameworks */ = {
			isa = PBXShellScriptBuildPhase;
			buildActionMask = 2147483647;
			files = (
			);
			inputPaths = (
			);
			name = "Embed Pods Frameworks";
			outputPaths = (
			);
			runOnlyForDeploymentPostprocessing = 0;
			shellPath = /bin/sh;
			shellScript = "\"${SRCROOT}/Pods/Target Support Files/Pods/Pods-frameworks.sh\"\n";
			showEnvVarsInLog = 0;
		};
		E63D79AE093375A930F731EB /* Copy Pods Resources */ = {
			isa = PBXShellScriptBuildPhase;
			buildActionMask = 2147483647;
			files = (
			);
			inputPaths = (
			);
			name = "Copy Pods Resources";
			outputPaths = (
			);
			runOnlyForDeploymentPostprocessing = 0;
			shellPath = /bin/sh;
			shellScript = "\"${SRCROOT}/Pods/Target Support Files/Pods/Pods-resources.sh\"\n";
			showEnvVarsInLog = 0;
		};
/* End PBXShellScriptBuildPhase section */

/* Begin PBXSourcesBuildPhase section */
		E5A069FA1CC5709100F8B7F6 /* Sources */ = {
			isa = PBXSourcesBuildPhase;
			buildActionMask = 2147483647;
			files = (
				E5A06A1E1CC5732C00F8B7F6 /* CreateHuntViewController.swift in Sources */,
				E5A06A1A1CC572AF00F8B7F6 /* SignUpViewController.swift in Sources */,
				E5E289CA1CC96B5500EFC52C /* ClueCreatorViewController.swift in Sources */,
				E5A06A3D1CC6E67B00F8B7F6 /* SHLocation.swift in Sources */,
				E5A06A3A1CC6CB6C00F8B7F6 /* SHImageButton.swift in Sources */,
				E5A06A2F1CC594E600F8B7F6 /* CreateClueTableViewCell.swift in Sources */,
				E5E6B8C01CCBD96700F1B8D9 /* SHTextField.swift in Sources */,
				E5A06A361CC6CAA100F8B7F6 /* SHLogo.swift in Sources */,
				E5A06A251CC573CD00F8B7F6 /* HuntDetailViewController.swift in Sources */,
				E5A06A311CC5955C00F8B7F6 /* HuntSearchTableViewCell.swift in Sources */,
				E5A06A1C1CC572DF00F8B7F6 /* SelectionViewController.swift in Sources */,
				E5A06A201CC5734900F8B7F6 /* AddCluesViewController.swift in Sources */,
				E5A06A221CC5739700F8B7F6 /* HuntSearchViewController.swift in Sources */,
				E5A06A021CC5709100F8B7F6 /* AppDelegate.swift in Sources */,
				E5F1D8DA1CCAEBDE00886715 /* Colours.swift in Sources */,
				E5A06A181CC5729600F8B7F6 /* HomeViewController.swift in Sources */,
				E5E6B8BE1CCBD8D800F1B8D9 /* SHSmallLabel.swift in Sources */,
				E5E6B8BC1CCBD83B00F1B8D9 /* SHHotColdLabel.swift in Sources */,
				E5F1D8D81CCAE9C200886715 /* SHLabel.swift in Sources */,
				E5A06A2B1CC575A000F8B7F6 /* Hunt.swift in Sources */,
				E5A06A331CC6B44A00F8B7F6 /* SHButton.swift in Sources */,
				E5E6B8C21CCBDAA500F1B8D9 /* SHPicture.swift in Sources */,
				E542DE2C1CC8192900872CBD /* SHImagePicker.swift in Sources */,
				E5A06A2D1CC575B300F8B7F6 /* Clue.swift in Sources */,
				E5A06A271CC573E700F8B7F6 /* HuntViewController.swift in Sources */,
				E5E6B8BA1CCB562000F1B8D9 /* SHNavigationItem.swift in Sources */,
				E5A06A381CC6CADD00F8B7F6 /* SHImage.swift in Sources */,
			);
			runOnlyForDeploymentPostprocessing = 0;
		};
/* End PBXSourcesBuildPhase section */

/* Begin PBXVariantGroup section */
		E5A06A051CC5709100F8B7F6 /* Main.storyboard */ = {
			isa = PBXVariantGroup;
			children = (
				E5A06A061CC5709100F8B7F6 /* Base */,
			);
			name = Main.storyboard;
			sourceTree = "<group>";
		};
		E5A06A0A1CC5709100F8B7F6 /* LaunchScreen.storyboard */ = {
			isa = PBXVariantGroup;
			children = (
				E5A06A0B1CC5709100F8B7F6 /* Base */,
			);
			name = LaunchScreen.storyboard;
			sourceTree = "<group>";
		};
/* End PBXVariantGroup section */

/* Begin XCBuildConfiguration section */
		E5A06A0E1CC5709100F8B7F6 /* Debug */ = {
			isa = XCBuildConfiguration;
			buildSettings = {
				ALWAYS_SEARCH_USER_PATHS = NO;
				CLANG_ANALYZER_NONNULL = YES;
				CLANG_CXX_LANGUAGE_STANDARD = "gnu++0x";
				CLANG_CXX_LIBRARY = "libc++";
				CLANG_ENABLE_MODULES = YES;
				CLANG_ENABLE_OBJC_ARC = YES;
				CLANG_WARN_BOOL_CONVERSION = YES;
				CLANG_WARN_CONSTANT_CONVERSION = YES;
				CLANG_WARN_DIRECT_OBJC_ISA_USAGE = YES_ERROR;
				CLANG_WARN_EMPTY_BODY = YES;
				CLANG_WARN_ENUM_CONVERSION = YES;
				CLANG_WARN_INT_CONVERSION = YES;
				CLANG_WARN_OBJC_ROOT_CLASS = YES_ERROR;
				CLANG_WARN_UNREACHABLE_CODE = YES;
				CLANG_WARN__DUPLICATE_METHOD_MATCH = YES;
				"CODE_SIGN_IDENTITY[sdk=iphoneos*]" = "iPhone Developer";
				COPY_PHASE_STRIP = NO;
				DEBUG_INFORMATION_FORMAT = dwarf;
				ENABLE_STRICT_OBJC_MSGSEND = YES;
				ENABLE_TESTABILITY = YES;
				GCC_C_LANGUAGE_STANDARD = gnu99;
				GCC_DYNAMIC_NO_PIC = NO;
				GCC_NO_COMMON_BLOCKS = YES;
				GCC_OPTIMIZATION_LEVEL = 0;
				GCC_PREPROCESSOR_DEFINITIONS = (
					"DEBUG=1",
					"$(inherited)",
				);
				GCC_WARN_64_TO_32_BIT_CONVERSION = YES;
				GCC_WARN_ABOUT_RETURN_TYPE = YES_ERROR;
				GCC_WARN_UNDECLARED_SELECTOR = YES;
				GCC_WARN_UNINITIALIZED_AUTOS = YES_AGGRESSIVE;
				GCC_WARN_UNUSED_FUNCTION = YES;
				GCC_WARN_UNUSED_VARIABLE = YES;
				IPHONEOS_DEPLOYMENT_TARGET = 9.3;
				MTL_ENABLE_DEBUG_INFO = YES;
				ONLY_ACTIVE_ARCH = YES;
				SDKROOT = iphoneos;
				SWIFT_OPTIMIZATION_LEVEL = "-Onone";
			};
			name = Debug;
		};
		E5A06A0F1CC5709100F8B7F6 /* Release */ = {
			isa = XCBuildConfiguration;
			buildSettings = {
				ALWAYS_SEARCH_USER_PATHS = NO;
				CLANG_ANALYZER_NONNULL = YES;
				CLANG_CXX_LANGUAGE_STANDARD = "gnu++0x";
				CLANG_CXX_LIBRARY = "libc++";
				CLANG_ENABLE_MODULES = YES;
				CLANG_ENABLE_OBJC_ARC = YES;
				CLANG_WARN_BOOL_CONVERSION = YES;
				CLANG_WARN_CONSTANT_CONVERSION = YES;
				CLANG_WARN_DIRECT_OBJC_ISA_USAGE = YES_ERROR;
				CLANG_WARN_EMPTY_BODY = YES;
				CLANG_WARN_ENUM_CONVERSION = YES;
				CLANG_WARN_INT_CONVERSION = YES;
				CLANG_WARN_OBJC_ROOT_CLASS = YES_ERROR;
				CLANG_WARN_UNREACHABLE_CODE = YES;
				CLANG_WARN__DUPLICATE_METHOD_MATCH = YES;
				"CODE_SIGN_IDENTITY[sdk=iphoneos*]" = "iPhone Developer";
				COPY_PHASE_STRIP = NO;
				DEBUG_INFORMATION_FORMAT = "dwarf-with-dsym";
				ENABLE_NS_ASSERTIONS = NO;
				ENABLE_STRICT_OBJC_MSGSEND = YES;
				GCC_C_LANGUAGE_STANDARD = gnu99;
				GCC_NO_COMMON_BLOCKS = YES;
				GCC_WARN_64_TO_32_BIT_CONVERSION = YES;
				GCC_WARN_ABOUT_RETURN_TYPE = YES_ERROR;
				GCC_WARN_UNDECLARED_SELECTOR = YES;
				GCC_WARN_UNINITIALIZED_AUTOS = YES_AGGRESSIVE;
				GCC_WARN_UNUSED_FUNCTION = YES;
				GCC_WARN_UNUSED_VARIABLE = YES;
				IPHONEOS_DEPLOYMENT_TARGET = 9.3;
				MTL_ENABLE_DEBUG_INFO = NO;
				SDKROOT = iphoneos;
				VALIDATE_PRODUCT = YES;
			};
			name = Release;
		};
		E5A06A111CC5709100F8B7F6 /* Debug */ = {
			isa = XCBuildConfiguration;
			baseConfigurationReference = 6B060A3FC79939B1D9619EF7 /* Pods.debug.xcconfig */;
			buildSettings = {
				ASSETCATALOG_COMPILER_APPICON_NAME = AppIcon;
				INFOPLIST_FILE = ScavengerHunter/Info.plist;
				LD_RUNPATH_SEARCH_PATHS = "$(inherited) @executable_path/Frameworks";
				PRODUCT_BUNDLE_IDENTIFIER = smollica.ScavengerHunter;
				PRODUCT_NAME = "$(TARGET_NAME)";
			};
			name = Debug;
		};
		E5A06A121CC5709100F8B7F6 /* Release */ = {
			isa = XCBuildConfiguration;
			baseConfigurationReference = C21E21B2FFA4BFB9B6E2D21B /* Pods.release.xcconfig */;
			buildSettings = {
				ASSETCATALOG_COMPILER_APPICON_NAME = AppIcon;
				INFOPLIST_FILE = ScavengerHunter/Info.plist;
				LD_RUNPATH_SEARCH_PATHS = "$(inherited) @executable_path/Frameworks";
				PRODUCT_BUNDLE_IDENTIFIER = smollica.ScavengerHunter;
				PRODUCT_NAME = "$(TARGET_NAME)";
			};
			name = Release;
		};
/* End XCBuildConfiguration section */

/* Begin XCConfigurationList section */
		E5A069F91CC5709100F8B7F6 /* Build configuration list for PBXProject "ScavengerHunter" */ = {
			isa = XCConfigurationList;
			buildConfigurations = (
				E5A06A0E1CC5709100F8B7F6 /* Debug */,
				E5A06A0F1CC5709100F8B7F6 /* Release */,
			);
			defaultConfigurationIsVisible = 0;
			defaultConfigurationName = Release;
		};
		E5A06A101CC5709100F8B7F6 /* Build configuration list for PBXNativeTarget "ScavengerHunter" */ = {
			isa = XCConfigurationList;
			buildConfigurations = (
				E5A06A111CC5709100F8B7F6 /* Debug */,
				E5A06A121CC5709100F8B7F6 /* Release */,
			);
			defaultConfigurationIsVisible = 0;
			defaultConfigurationName = Release;
		};
/* End XCConfigurationList section */
	};
	rootObject = E5A069F61CC5709100F8B7F6 /* Project object */;
}
